// !$*UTF8*$!
{
	archiveVersion = 1;
	classes = {
	};
	objectVersion = 46;
	objects = {

/* Begin PBXBuildFile section */
		390949C61AC08EFC00B090F5 /* Block.swift in Sources */ = {isa = PBXBuildFile; fileRef = 390949C51AC08EFC00B090F5 /* Block.swift */; };
		390949C81AC09A4300B090F5 /* Set.swift in Sources */ = {isa = PBXBuildFile; fileRef = 390949C71AC09A4300B090F5 /* Set.swift */; };
		39F1A8AE1AAB97870064269C /* AppDelegate.swift in Sources */ = {isa = PBXBuildFile; fileRef = 39F1A8AD1AAB97870064269C /* AppDelegate.swift */; };
		39F1A8B21AAB97870064269C /* GameScene.swift in Sources */ = {isa = PBXBuildFile; fileRef = 39F1A8B11AAB97870064269C /* GameScene.swift */; };
		39F1A8B41AAB97870064269C /* GameViewController.swift in Sources */ = {isa = PBXBuildFile; fileRef = 39F1A8B31AAB97870064269C /* GameViewController.swift */; };
		39F1A8B71AAB97870064269C /* Main.storyboard in Resources */ = {isa = PBXBuildFile; fileRef = 39F1A8B51AAB97870064269C /* Main.storyboard */; };
		39F1A8B91AAB97870064269C /* Images.xcassets in Resources */ = {isa = PBXBuildFile; fileRef = 39F1A8B81AAB97870064269C /* Images.xcassets */; };
		39F1A8BC1AAB97870064269C /* LaunchScreen.xib in Resources */ = {isa = PBXBuildFile; fileRef = 39F1A8BA1AAB97870064269C /* LaunchScreen.xib */; };
		39F1A8C81AAB97870064269C /* ExperimentingTests.swift in Sources */ = {isa = PBXBuildFile; fileRef = 39F1A8C71AAB97870064269C /* ExperimentingTests.swift */; };
		39F1A8D21AABD44F0064269C /* Array2D.swift in Sources */ = {isa = PBXBuildFile; fileRef = 39F1A8D11AABD44F0064269C /* Array2D.swift */; };
		39F1A8D41AABD6F40064269C /* block.png in Resources */ = {isa = PBXBuildFile; fileRef = 39F1A8D31AABD6F40064269C /* block.png */; };
		39F1A8D61AABD6FA0064269C /* background.png in Resources */ = {isa = PBXBuildFile; fileRef = 39F1A8D51AABD6FA0064269C /* background.png */; };
/* End PBXBuildFile section */

/* Begin PBXContainerItemProxy section */
		39F1A8C21AAB97870064269C /* PBXContainerItemProxy */ = {
			isa = PBXContainerItemProxy;
			containerPortal = 39F1A8A01AAB97870064269C /* Project object */;
			proxyType = 1;
			remoteGlobalIDString = 39F1A8A71AAB97870064269C;
			remoteInfo = Experimenting;
		};
/* End PBXContainerItemProxy section */

/* Begin PBXFileReference section */
		390949C51AC08EFC00B090F5 /* Block.swift */ = {isa = PBXFileReference; fileEncoding = 4; lastKnownFileType = sourcecode.swift; path = Block.swift; sourceTree = "<group>"; };
		390949C71AC09A4300B090F5 /* Set.swift */ = {isa = PBXFileReference; fileEncoding = 4; lastKnownFileType = sourcecode.swift; path = Set.swift; sourceTree = "<group>"; };
		39F1A8A81AAB97870064269C /* Experimenting.app */ = {isa = PBXFileReference; explicitFileType = wrapper.application; includeInIndex = 0; path = Experimenting.app; sourceTree = BUILT_PRODUCTS_DIR; };
		39F1A8AC1AAB97870064269C /* Info.plist */ = {isa = PBXFileReference; lastKnownFileType = text.plist.xml; path = Info.plist; sourceTree = "<group>"; };
		39F1A8AD1AAB97870064269C /* AppDelegate.swift */ = {isa = PBXFileReference; lastKnownFileType = sourcecode.swift; path = AppDelegate.swift; sourceTree = "<group>"; };
		39F1A8B11AAB97870064269C /* GameScene.swift */ = {isa = PBXFileReference; lastKnownFileType = sourcecode.swift; path = GameScene.swift; sourceTree = "<group>"; };
		39F1A8B31AAB97870064269C /* GameViewController.swift */ = {isa = PBXFileReference; lastKnownFileType = sourcecode.swift; path = GameViewController.swift; sourceTree = "<group>"; };
		39F1A8B61AAB97870064269C /* Base */ = {isa = PBXFileReference; lastKnownFileType = file.storyboard; name = Base; path = Base.lproj/Main.storyboard; sourceTree = "<group>"; };
		39F1A8B81AAB97870064269C /* Images.xcassets */ = {isa = PBXFileReference; lastKnownFileType = folder.assetcatalog; path = Images.xcassets; sourceTree = "<group>"; };
		39F1A8BB1AAB97870064269C /* Base */ = {isa = PBXFileReference; lastKnownFileType = file.xib; name = Base; path = Base.lproj/LaunchScreen.xib; sourceTree = "<group>"; };
		39F1A8C11AAB97870064269C /* ExperimentingTests.xctest */ = {isa = PBXFileReference; explicitFileType = wrapper.cfbundle; includeInIndex = 0; path = ExperimentingTests.xctest; sourceTree = BUILT_PRODUCTS_DIR; };
		39F1A8C61AAB97870064269C /* Info.plist */ = {isa = PBXFileReference; lastKnownFileType = text.plist.xml; path = Info.plist; sourceTree = "<group>"; };
		39F1A8C71AAB97870064269C /* ExperimentingTests.swift */ = {isa = PBXFileReference; lastKnownFileType = sourcecode.swift; path = ExperimentingTests.swift; sourceTree = "<group>"; };
		39F1A8D11AABD44F0064269C /* Array2D.swift */ = {isa = PBXFileReference; fileEncoding = 4; lastKnownFileType = sourcecode.swift; path = Array2D.swift; sourceTree = "<group>"; };
		39F1A8D31AABD6F40064269C /* block.png */ = {isa = PBXFileReference; lastKnownFileType = image.png; path = block.png; sourceTree = "<group>"; };
		39F1A8D51AABD6FA0064269C /* background.png */ = {isa = PBXFileReference; lastKnownFileType = image.png; path = background.png; sourceTree = "<group>"; };
/* End PBXFileReference section */

/* Begin PBXFrameworksBuildPhase section */
		39F1A8A51AAB97870064269C /* Frameworks */ = {
			isa = PBXFrameworksBuildPhase;
			buildActionMask = 2147483647;
			files = (
			);
			runOnlyForDeploymentPostprocessing = 0;
		};
		39F1A8BE1AAB97870064269C /* Frameworks */ = {
			isa = PBXFrameworksBuildPhase;
			buildActionMask = 2147483647;
			files = (
			);
			runOnlyForDeploymentPostprocessing = 0;
		};
/* End PBXFrameworksBuildPhase section */

/* Begin PBXGroup section */
		39F1A89F1AAB97870064269C = {
			isa = PBXGroup;
			children = (
				39F1A8AA1AAB97870064269C /* Experimenting */,
				39F1A8C41AAB97870064269C /* ExperimentingTests */,
				39F1A8A91AAB97870064269C /* Products */,
			);
			sourceTree = "<group>";
		};
		39F1A8A91AAB97870064269C /* Products */ = {
			isa = PBXGroup;
			children = (
				39F1A8A81AAB97870064269C /* Experimenting.app */,
				39F1A8C11AAB97870064269C /* ExperimentingTests.xctest */,
			);
			name = Products;
			sourceTree = "<group>";
		};
		39F1A8AA1AAB97870064269C /* Experimenting */ = {
			isa = PBXGroup;
			children = (
				39F1A8AD1AAB97870064269C /* AppDelegate.swift */,
				39F1A8B11AAB97870064269C /* GameScene.swift */,
				39F1A8B31AAB97870064269C /* GameViewController.swift */,
				39F1A8B51AAB97870064269C /* Main.storyboard */,
				39F1A8B81AAB97870064269C /* Images.xcassets */,
				39F1A8BA1AAB97870064269C /* LaunchScreen.xib */,
				39F1A8D31AABD6F40064269C /* block.png */,
				39F1A8D51AABD6FA0064269C /* background.png */,
				39F1A8AB1AAB97870064269C /* Supporting Files */,
				39F1A8D11AABD44F0064269C /* Array2D.swift */,
				390949C51AC08EFC00B090F5 /* Block.swift */,
				390949C71AC09A4300B090F5 /* Set.swift */,
			);
			path = Experimenting;
			sourceTree = "<group>";
		};
		39F1A8AB1AAB97870064269C /* Supporting Files */ = {
			isa = PBXGroup;
			children = (
				39F1A8AC1AAB97870064269C /* Info.plist */,
			);
			name = "Supporting Files";
			sourceTree = "<group>";
		};
		39F1A8C41AAB97870064269C /* ExperimentingTests */ = {
			isa = PBXGroup;
			children = (
				39F1A8C71AAB97870064269C /* ExperimentingTests.swift */,
				39F1A8C51AAB97870064269C /* Supporting Files */,
			);
			path = ExperimentingTests;
			sourceTree = "<group>";
		};
		39F1A8C51AAB97870064269C /* Supporting Files */ = {
			isa = PBXGroup;
			children = (
				39F1A8C61AAB97870064269C /* Info.plist */,
			);
			name = "Supporting Files";
			sourceTree = "<group>";
		};
/* End PBXGroup section */

/* Begin PBXNativeTarget section */
		39F1A8A71AAB97870064269C /* Experimenting */ = {
			isa = PBXNativeTarget;
			buildConfigurationList = 39F1A8CB1AAB97870064269C /* Build configuration list for PBXNativeTarget "Experimenting" */;
			buildPhases = (
				39F1A8A41AAB97870064269C /* Sources */,
				39F1A8A51AAB97870064269C /* Frameworks */,
				39F1A8A61AAB97870064269C /* Resources */,
			);
			buildRules = (
			);
			dependencies = (
			);
			name = Experimenting;
			productName = Experimenting;
			productReference = 39F1A8A81AAB97870064269C /* Experimenting.app */;
			productType = "com.apple.product-type.application";
		};
		39F1A8C01AAB97870064269C /* ExperimentingTests */ = {
			isa = PBXNativeTarget;
			buildConfigurationList = 39F1A8CE1AAB97870064269C /* Build configuration list for PBXNativeTarget "ExperimentingTests" */;
			buildPhases = (
				39F1A8BD1AAB97870064269C /* Sources */,
				39F1A8BE1AAB97870064269C /* Frameworks */,
				39F1A8BF1AAB97870064269C /* Resources */,
			);
			buildRules = (
			);
			dependencies = (
				39F1A8C31AAB97870064269C /* PBXTargetDependency */,
			);
			name = ExperimentingTests;
			productName = ExperimentingTests;
			productReference = 39F1A8C11AAB97870064269C /* ExperimentingTests.xctest */;
			productType = "com.apple.product-type.bundle.unit-test";
		};
/* End PBXNativeTarget section */

/* Begin PBXProject section */
		39F1A8A01AAB97870064269C /* Project object */ = {
			isa = PBXProject;
			attributes = {
				LastUpgradeCheck = 0610;
				ORGANIZATIONNAME = "Thannia Blanchet";
				TargetAttributes = {
					39F1A8A71AAB97870064269C = {
						CreatedOnToolsVersion = 6.1.1;
					};
					39F1A8C01AAB97870064269C = {
						CreatedOnToolsVersion = 6.1.1;
						TestTargetID = 39F1A8A71AAB97870064269C;
					};
				};
			};
			buildConfigurationList = 39F1A8A31AAB97870064269C /* Build configuration list for PBXProject "Experimenting" */;
			compatibilityVersion = "Xcode 3.2";
			developmentRegion = English;
			hasScannedForEncodings = 0;
			knownRegions = (
				en,
				Base,
			);
			mainGroup = 39F1A89F1AAB97870064269C;
			productRefGroup = 39F1A8A91AAB97870064269C /* Products */;
			projectDirPath = "";
			projectRoot = "";
			targets = (
				39F1A8A71AAB97870064269C /* Experimenting */,
				39F1A8C01AAB97870064269C /* ExperimentingTests */,
			);
		};
/* End PBXProject section */

/* Begin PBXResourcesBuildPhase section */
		39F1A8A61AAB97870064269C /* Resources */ = {
			isa = PBXResourcesBuildPhase;
			buildActionMask = 2147483647;
			files = (
				39F1A8BC1AAB97870064269C /* LaunchScreen.xib in Resources */,
				39F1A8D61AABD6FA0064269C /* background.png in Resources */,
				39F1A8B91AAB97870064269C /* Images.xcassets in Resources */,
				39F1A8B71AAB97870064269C /* Main.storyboard in Resources */,
				39F1A8D41AABD6F40064269C /* block.png in Resources */,
			);
			runOnlyForDeploymentPostprocessing = 0;
		};
		39F1A8BF1AAB97870064269C /* Resources */ = {
			isa = PBXResourcesBuildPhase;
			buildActionMask = 2147483647;
			files = (
			);
			runOnlyForDeploymentPostprocessing = 0;
		};
/* End PBXResourcesBuildPhase section */

/* Begin PBXSourcesBuildPhase section */
		39F1A8A41AAB97870064269C /* Sources */ = {
			isa = PBXSourcesBuildPhase;
			buildActionMask = 2147483647;
			files = (
				39F1A8B21AAB97870064269C /* GameScene.swift in Sources */,
				39F1A8D21AABD44F0064269C /* Array2D.swift in Sources */,
				390949C81AC09A4300B090F5 /* Set.swift in Sources */,
				390949C61AC08EFC00B090F5 /* Block.swift in Sources */,
				39F1A8B41AAB97870064269C /* GameViewController.swift in Sources */,
				39F1A8AE1AAB97870064269C /* AppDelegate.swift in Sources */,
			);
			runOnlyForDeploymentPostprocessing = 0;
		};
		39F1A8BD1AAB97870064269C /* Sources */ = {
			isa = PBXSourcesBuildPhase;
			buildActionMask = 2147483647;
			files = (
				39F1A8C81AAB97870064269C /* ExperimentingTests.swift in Sources */,
			);
			runOnlyForDeploymentPostprocessing = 0;
		};
/* End PBXSourcesBuildPhase section */

/* Begin PBXTargetDependency section */
		39F1A8C31AAB97870064269C /* PBXTargetDependency */ = {
			isa = PBXTargetDependency;
			target = 39F1A8A71AAB97870064269C /* Experimenting */;
			targetProxy = 39F1A8C21AAB97870064269C /* PBXContainerItemProxy */;
		};
/* End PBXTargetDependency section */

/* Begin PBXVariantGroup section */
		39F1A8B51AAB97870064269C /* Main.storyboard */ = {
			isa = PBXVariantGroup;
			children = (
				39F1A8B61AAB97870064269C /* Base */,
			);
			name = Main.storyboard;
			sourceTree = "<group>";
		};
		39F1A8BA1AAB97870064269C /* LaunchScreen.xib */ = {
			isa = PBXVariantGroup;
			children = (
				39F1A8BB1AAB97870064269C /* Base */,
			);
			name = LaunchScreen.xib;
			sourceTree = "<group>";
		};
/* End PBXVariantGroup section */

/* Begin XCBuildConfiguration section */
		39F1A8C91AAB97870064269C /* Debug */ = {
			isa = XCBuildConfiguration;
			buildSettings = {
				ALWAYS_SEARCH_USER_PATHS = NO;
				CLANG_CXX_LANGUAGE_STANDARD = "gnu++0x";
				CLANG_CXX_LIBRARY = "libc++";
				CLANG_ENABLE_MODULES = YES;
				CLANG_ENABLE_OBJC_ARC = YES;
				CLANG_WARN_BOOL_CONVERSION = YES;
				CLANG_WARN_CONSTANT_CONVERSION = YES;
				CLANG_WARN_DIRECT_OBJC_ISA_USAGE = YES_ERROR;
				CLANG_WARN_EMPTY_BODY = YES;
				CLANG_WARN_ENUM_CONVERSION = YES;
				CLANG_WARN_INT_CONVERSION = YES;
				CLANG_WARN_OBJC_ROOT_CLASS = YES_ERROR;
				CLANG_WARN_UNREACHABLE_CODE = YES;
				CLANG_WARN__DUPLICATE_METHOD_MATCH = YES;
				"CODE_SIGN_IDENTITY[sdk=iphoneos*]" = "iPhone Developer";
				COPY_PHASE_STRIP = NO;
				ENABLE_STRICT_OBJC_MSGSEND = YES;
				GCC_C_LANGUAGE_STANDARD = gnu99;
				GCC_DYNAMIC_NO_PIC = NO;
				GCC_OPTIMIZATION_LEVEL = 0;
				GCC_PREPROCESSOR_DEFINITIONS = (
					"DEBUG=1",
					"$(inherited)",
				);
				GCC_SYMBOLS_PRIVATE_EXTERN = NO;
				GCC_WARN_64_TO_32_BIT_CONVERSION = YES;
				GCC_WARN_ABOUT_RETURN_TYPE = YES_ERROR;
				GCC_WARN_UNDECLARED_SELECTOR = YES;
				GCC_WARN_UNINITIALIZED_AUTOS = YES_AGGRESSIVE;
				GCC_WARN_UNUSED_FUNCTION = YES;
				GCC_WARN_UNUSED_VARIABLE = YES;
				IPHONEOS_DEPLOYMENT_TARGET = 8.1;
				MTL_ENABLE_DEBUG_INFO = YES;
				ONLY_ACTIVE_ARCH = YES;
				SDKROOT = iphoneos;
				SWIFT_OPTIMIZATION_LEVEL = "-Onone";
			};
			name = Debug;
		};
		39F1A8CA1AAB97870064269C /* Release */ = {
			isa = XCBuildConfiguration;
			buildSettings = {
				ALWAYS_SEARCH_USER_PATHS = NO;
				CLANG_CXX_LANGUAGE_STANDARD = "gnu++0x";
				CLANG_CXX_LIBRARY = "libc++";
				CLANG_ENABLE_MODULES = YES;
				CLANG_ENABLE_OBJC_ARC = YES;
				CLANG_WARN_BOOL_CONVERSION = YES;
				CLANG_WARN_CONSTANT_CONVERSION = YES;
				CLANG_WARN_DIRECT_OBJC_ISA_USAGE = YES_ERROR;
				CLANG_WARN_EMPTY_BODY = YES;
				CLANG_WARN_ENUM_CONVERSION = YES;
				CLANG_WARN_INT_CONVERSION = YES;
				CLANG_WARN_OBJC_ROOT_CLASS = YES_ERROR;
				CLANG_WARN_UNREACHABLE_CODE = YES;
				CLANG_WARN__DUPLICATE_METHOD_MATCH = YES;
				"CODE_SIGN_IDENTITY[sdk=iphoneos*]" = "iPhone Developer";
				COPY_PHASE_STRIP = YES;
				ENABLE_NS_ASSERTIONS = NO;
				ENABLE_STRICT_OBJC_MSGSEND = YES;
				GCC_C_LANGUAGE_STANDARD = gnu99;
				GCC_WARN_64_TO_32_BIT_CONVERSION = YES;
				GCC_WARN_ABOUT_RETURN_TYPE = YES_ERROR;
				GCC_WARN_UNDECLARED_SELECTOR = YES;
				GCC_WARN_UNINITIALIZED_AUTOS = YES_AGGRESSIVE;
				GCC_WARN_UNUSED_FUNCTION = YES;
				GCC_WARN_UNUSED_VARIABLE = YES;
				IPHONEOS_DEPLOYMENT_TARGET = 8.1;
				MTL_ENABLE_DEBUG_INFO = NO;
				SDKROOT = iphoneos;
				VALIDATE_PRODUCT = YES;
			};
			name = Release;
		};
		39F1A8CC1AAB97870064269C /* Debug */ = {
			isa = XCBuildConfiguration;
			buildSettings = {
				ASSETCATALOG_COMPILER_APPICON_NAME = AppIcon;
				INFOPLIST_FILE = Experimenting/Info.plist;
				LD_RUNPATH_SEARCH_PATHS = "$(inherited) @executable_path/Frameworks";
				PRODUCT_NAME = "$(TARGET_NAME)";
			};
			name = Debug;
		};
		39F1A8CD1AAB97870064269C /* Release */ = {
			isa = XCBuildConfiguration;
			buildSettings = {
				ASSETCATALOG_COMPILER_APPICON_NAME = AppIcon;
				INFOPLIST_FILE = Experimenting/Info.plist;
				LD_RUNPATH_SEARCH_PATHS = "$(inherited) @executable_path/Frameworks";
				PRODUCT_NAME = "$(TARGET_NAME)";
			};
			name = Release;
		};
		39F1A8CF1AAB97870064269C /* Debug */ = {
			isa = XCBuildConfiguration;
			buildSettings = {
				BUNDLE_LOADER = "$(TEST_HOST)";
				FRAMEWORK_SEARCH_PATHS = (
					"$(SDKROOT)/Developer/Library/Frameworks",
					"$(inherited)",
				);
				GCC_PREPROCESSOR_DEFINITIONS = (
					"DEBUG=1",
					"$(inherited)",
				);
				INFOPLIST_FILE = ExperimentingTests/Info.plist;
				LD_RUNPATH_SEARCH_PATHS = "$(inherited) @executable_path/Frameworks @loader_path/Frameworks";
				PRODUCT_NAME = "$(TARGET_NAME)";
				TEST_HOST = "$(BUILT_PRODUCTS_DIR)/Experimenting.app/Experimenting";
			};
			name = Debug;
		};
		39F1A8D01AAB97870064269C /* Release */ = {
			isa = XCBuildConfiguration;
			buildSettings = {
				BUNDLE_LOADER = "$(TEST_HOST)";
				FRAMEWORK_SEARCH_PATHS = (
					"$(SDKROOT)/Developer/Library/Frameworks",
					"$(inherited)",
				);
				INFOPLIST_FILE = ExperimentingTests/Info.plist;
				LD_RUNPATH_SEARCH_PATHS = "$(inherited) @executable_path/Frameworks @loader_path/Frameworks";
				PRODUCT_NAME = "$(TARGET_NAME)";
				TEST_HOST = "$(BUILT_PRODUCTS_DIR)/Experimenting.app/Experimenting";
			};
			name = Release;
		};
/* End XCBuildConfiguration section */

/* Begin XCConfigurationList section */
		39F1A8A31AAB97870064269C /* Build configuration list for PBXProject "Experimenting" */ = {
			isa = XCConfigurationList;
			buildConfigurations = (
				39F1A8C91AAB97870064269C /* Debug */,
				39F1A8CA1AAB97870064269C /* Release */,
			);
			defaultConfigurationIsVisible = 0;
			defaultConfigurationName = Release;
		};
		39F1A8CB1AAB97870064269C /* Build configuration list for PBXNativeTarget "Experimenting" */ = {
			isa = XCConfigurationList;
			buildConfigurations = (
				39F1A8CC1AAB97870064269C /* Debug */,
				39F1A8CD1AAB97870064269C /* Release */,
			);
			defaultConfigurationIsVisible = 0;
			defaultConfigurationName = Release;
		};
		39F1A8CE1AAB97870064269C /* Build configuration list for PBXNativeTarget "ExperimentingTests" */ = {
			isa = XCConfigurationList;
			buildConfigurations = (
				39F1A8CF1AAB97870064269C /* Debug */,
				39F1A8D01AAB97870064269C /* Release */,
			);
			defaultConfigurationIsVisible = 0;
			defaultConfigurationName = Release;
		};
/* End XCConfigurationList section */
	};
	rootObject = 39F1A8A01AAB97870064269C /* Project object */;
}
